
Microsoft Visual Studio Solution File, Format Version 12.00
# Visual Studio Version 17
VisualStudioVersion = 17.1.32328.378
MinimumVisualStudioVersion = 10.0.40219.1
Project("{FAE04EC0-301F-11D3-BF4B-00C04F79EFBC}") = "PersonDataManagement", "PersonDataManagement.csproj", "{5321DB4C-059C-4DC9-9884-0CBF39235075}"
EndProject
Global
	GlobalSection(SolutionConfigurationPlatforms) = preSolution
		Debug|Any CPU = Debug|Any CPU
		Release|Any CPU = Release|Any CPU
	EndGlobalSection
	GlobalSection(ProjectConfigurationPlatforms) = postSolution
		{5321DB4C-059C-4DC9-9884-0CBF39235075}.Debug|Any CPU.ActiveCfg = Debug|Any CPU
		{5321DB4C-059C-4DC9-9884-0CBF39235075}.Debug|Any CPU.Build.0 = Debug|Any CPU
		{5321DB4C-059C-4DC9-9884-0CBF39235075}.Release|Any CPU.ActiveCfg = Release|Any CPU
		{5321DB4C-059C-4DC9-9884-0CBF39235075}.Release|Any CPU.Build.0 = Release|Any CPU
	EndGlobalSection
	GlobalSection(SolutionProperties) = preSolution
		HideSolutionNode = FALSE
	EndGlobalSection
	GlobalSection(ExtensibilityGlobals) = postSolution
		SolutionGuid = {7885A581-9EBC-498E-833E-D4C4AB4157BB}
	EndGlobalSection
EndGlobal
